
Microsoft Visual Studio Solution File, Format Version 12.00
# Visual Studio Version 17
VisualStudioVersion = 17.7.34202.233
MinimumVisualStudioVersion = 10.0.40219.1
Project("{FAE04EC0-301F-11D3-BF4B-00C04F79EFBC}") = "TestTask", "TestTask\TestTask.csproj", "{FC201798-6FA0-4849-8E41-4ED48BF4C6E0}"
EndProject
Global
	GlobalSection(SolutionConfigurationPlatforms) = preSolution
		Debug|Any CPU = Debug|Any CPU
		Release|Any CPU = Release|Any CPU
	EndGlobalSection
	GlobalSection(ProjectConfigurationPlatforms) = postSolution
		{FC201798-6FA0-4849-8E41-4ED48BF4C6E0}.Debug|Any CPU.ActiveCfg = Debug|Any CPU
		{FC201798-6FA0-4849-8E41-4ED48BF4C6E0}.Debug|Any CPU.Build.0 = Debug|Any CPU
		{FC201798-6FA0-4849-8E41-4ED48BF4C6E0}.Release|Any CPU.ActiveCfg = Release|Any CPU
		{FC201798-6FA0-4849-8E41-4ED48BF4C6E0}.Release|Any CPU.Build.0 = Release|Any CPU
	EndGlobalSection
	GlobalSection(SolutionProperties) = preSolution
		HideSolutionNode = FALSE
	EndGlobalSection
	GlobalSection(ExtensibilityGlobals) = postSolution
		SolutionGuid = {FDFFBB0B-81E8-491B-904A-3C6CBE95BA5A}
	EndGlobalSection
EndGlobal
